
Microsoft Visual Studio Solution File, Format Version 12.00
# Visual Studio Version 17
VisualStudioVersion = 17.11.35327.3
MinimumVisualStudioVersion = 10.0.40219.1
Project("{FAE04EC0-301F-11D3-BF4B-00C04F79EFBC}") = "LockBox", "LockBox.csproj", "{C9E6E44D-51E1-42B7-839F-78F61BB8C94F}"
EndProject
Global
	GlobalSection(SolutionConfigurationPlatforms) = preSolution
		Debug|Any CPU = Debug|Any CPU
		Debug|x64 = Debug|x64
		Pub|Any CPU = Pub|Any CPU
		Pub|x64 = Pub|x64
		Release|Any CPU = Release|Any CPU
		Release|x64 = Release|x64
	EndGlobalSection
	GlobalSection(ProjectConfigurationPlatforms) = postSolution
		{C9E6E44D-51E1-42B7-839F-78F61BB8C94F}.Debug|Any CPU.ActiveCfg = Debug|Any CPU
		{C9E6E44D-51E1-42B7-839F-78F61BB8C94F}.Debug|Any CPU.Build.0 = Debug|Any CPU
		{C9E6E44D-51E1-42B7-839F-78F61BB8C94F}.Debug|Any CPU.Deploy.0 = Debug|Any CPU
		{C9E6E44D-51E1-42B7-839F-78F61BB8C94F}.Debug|x64.ActiveCfg = Debug|x64
		{C9E6E44D-51E1-42B7-839F-78F61BB8C94F}.Debug|x64.Build.0 = Debug|x64
		{C9E6E44D-51E1-42B7-839F-78F61BB8C94F}.Pub|Any CPU.ActiveCfg = Pub|Any CPU
		{C9E6E44D-51E1-42B7-839F-78F61BB8C94F}.Pub|Any CPU.Build.0 = Pub|Any CPU
		{C9E6E44D-51E1-42B7-839F-78F61BB8C94F}.Pub|x64.ActiveCfg = Pub|x64
		{C9E6E44D-51E1-42B7-839F-78F61BB8C94F}.Pub|x64.Build.0 = Pub|x64
		{C9E6E44D-51E1-42B7-839F-78F61BB8C94F}.Release|Any CPU.ActiveCfg = Release|Any CPU
		{C9E6E44D-51E1-42B7-839F-78F61BB8C94F}.Release|Any CPU.Build.0 = Release|Any CPU
		{C9E6E44D-51E1-42B7-839F-78F61BB8C94F}.Release|Any CPU.Deploy.0 = Release|Any CPU
		{C9E6E44D-51E1-42B7-839F-78F61BB8C94F}.Release|x64.ActiveCfg = Release|x64
		{C9E6E44D-51E1-42B7-839F-78F61BB8C94F}.Release|x64.Build.0 = Release|x64
	EndGlobalSection
	GlobalSection(SolutionProperties) = preSolution
		HideSolutionNode = FALSE
	EndGlobalSection
	GlobalSection(ExtensibilityGlobals) = postSolution
		SolutionGuid = {ACDB925C-08FB-4976-912B-CF0C80791EEA}
	EndGlobalSection
EndGlobal
